
Microsoft Visual Studio Solution File, Format Version 12.00
# Visual Studio Version 16
VisualStudioVersion = 16.0.31005.135
MinimumVisualStudioVersion = 10.0.40219.1
Project("{FAE04EC0-301F-11D3-BF4B-00C04F79EFBC}") = "BlazorAppLogin", "BlazorAppLogin\BlazorAppLogin.csproj", "{A98A32C5-B7C7-4948-AA77-A21E6310E1D9}"
EndProject
Global
	GlobalSection(SolutionConfigurationPlatforms) = preSolution
		Debug|Any CPU = Debug|Any CPU
		Release|Any CPU = Release|Any CPU
	EndGlobalSection
	GlobalSection(ProjectConfigurationPlatforms) = postSolution
		{A98A32C5-B7C7-4948-AA77-A21E6310E1D9}.Debug|Any CPU.ActiveCfg = Debug|Any CPU
		{A98A32C5-B7C7-4948-AA77-A21E6310E1D9}.Debug|Any CPU.Build.0 = Debug|Any CPU
		{A98A32C5-B7C7-4948-AA77-A21E6310E1D9}.Release|Any CPU.ActiveCfg = Release|Any CPU
		{A98A32C5-B7C7-4948-AA77-A21E6310E1D9}.Release|Any CPU.Build.0 = Release|Any CPU
	EndGlobalSection
	GlobalSection(SolutionProperties) = preSolution
		HideSolutionNode = FALSE
	EndGlobalSection
	GlobalSection(ExtensibilityGlobals) = postSolution
		SolutionGuid = {EE0BAAEF-6D12-4415-AA46-95BFABECAAD8}
	EndGlobalSection
EndGlobal
