
Microsoft Visual Studio Solution File, Format Version 12.00
# Visual Studio Version 16
VisualStudioVersion = 16.0.31005.135
MinimumVisualStudioVersion = 10.0.40219.1
Project("{FAE04EC0-301F-11D3-BF4B-00C04F79EFBC}") = "BlazorDesktopApp", "BlazorDesktopApp\BlazorDesktopApp.csproj", "{C09EACE2-1E0F-4F52-BB2A-7457515F6395}"
EndProject
Global
	GlobalSection(SolutionConfigurationPlatforms) = preSolution
		Debug|Any CPU = Debug|Any CPU
		Release|Any CPU = Release|Any CPU
	EndGlobalSection
	GlobalSection(ProjectConfigurationPlatforms) = postSolution
		{C09EACE2-1E0F-4F52-BB2A-7457515F6395}.Debug|Any CPU.ActiveCfg = Debug|Any CPU
		{C09EACE2-1E0F-4F52-BB2A-7457515F6395}.Debug|Any CPU.Build.0 = Debug|Any CPU
		{C09EACE2-1E0F-4F52-BB2A-7457515F6395}.Release|Any CPU.ActiveCfg = Release|Any CPU
		{C09EACE2-1E0F-4F52-BB2A-7457515F6395}.Release|Any CPU.Build.0 = Release|Any CPU
	EndGlobalSection
	GlobalSection(SolutionProperties) = preSolution
		HideSolutionNode = FALSE
	EndGlobalSection
	GlobalSection(ExtensibilityGlobals) = postSolution
		SolutionGuid = {001F35AA-E324-4D17-87EB-43D21E69218A}
	EndGlobalSection
EndGlobal
